
Microsoft Visual Studio Solution File, Format Version 12.00
# Visual Studio Version 16
VisualStudioVersion = 16.0.29230.47
MinimumVisualStudioVersion = 10.0.40219.1
Project("{FAE04EC0-301F-11D3-BF4B-00C04F79EFBC}") = "WebApplication3", "WebApplication3\WebApplication3.csproj", "{2AA4AD35-8318-4901-8E59-C6C48C789D2D}"
EndProject
Global
	GlobalSection(SolutionConfigurationPlatforms) = preSolution
		Debug|Any CPU = Debug|Any CPU
		Release|Any CPU = Release|Any CPU
	EndGlobalSection
	GlobalSection(ProjectConfigurationPlatforms) = postSolution
		{2AA4AD35-8318-4901-8E59-C6C48C789D2D}.Debug|Any CPU.ActiveCfg = Debug|Any CPU
		{2AA4AD35-8318-4901-8E59-C6C48C789D2D}.Debug|Any CPU.Build.0 = Debug|Any CPU
		{2AA4AD35-8318-4901-8E59-C6C48C789D2D}.Release|Any CPU.ActiveCfg = Release|Any CPU
		{2AA4AD35-8318-4901-8E59-C6C48C789D2D}.Release|Any CPU.Build.0 = Release|Any CPU
	EndGlobalSection
	GlobalSection(SolutionProperties) = preSolution
		HideSolutionNode = FALSE
	EndGlobalSection
	GlobalSection(ExtensibilityGlobals) = postSolution
		SolutionGuid = {AEA3F8A7-ED32-4D57-86D8-EE0967B33990}
	EndGlobalSection
EndGlobal
